
Microsoft Visual Studio Solution File, Format Version 12.00
# Visual Studio Version 16
VisualStudioVersion = 16.0.30517.126
MinimumVisualStudioVersion = 10.0.40219.1
Project("{FAE04EC0-301F-11D3-BF4B-00C04F79EFBC}") = "class2 studio", "class2 studio.csproj", "{041D7525-8CBD-4C44-B713-EEEFE1335613}"
EndProject
Global
	GlobalSection(SolutionConfigurationPlatforms) = preSolution
		Debug|Any CPU = Debug|Any CPU
		Release|Any CPU = Release|Any CPU
	EndGlobalSection
	GlobalSection(ProjectConfigurationPlatforms) = postSolution
		{041D7525-8CBD-4C44-B713-EEEFE1335613}.Debug|Any CPU.ActiveCfg = Debug|Any CPU
		{041D7525-8CBD-4C44-B713-EEEFE1335613}.Debug|Any CPU.Build.0 = Debug|Any CPU
		{041D7525-8CBD-4C44-B713-EEEFE1335613}.Release|Any CPU.ActiveCfg = Release|Any CPU
		{041D7525-8CBD-4C44-B713-EEEFE1335613}.Release|Any CPU.Build.0 = Release|Any CPU
	EndGlobalSection
	GlobalSection(SolutionProperties) = preSolution
		HideSolutionNode = FALSE
	EndGlobalSection
	GlobalSection(ExtensibilityGlobals) = postSolution
		SolutionGuid = {14E5C562-A261-41B1-9C42-0C1F66A65846}
	EndGlobalSection
EndGlobal
